<?xml version="1.0" encoding="utf-8"?>
<Project ToolsVersion="4.0" xmlns="http://schemas.microsoft.com/developer/msbuild/2003">
  <ItemGroup>
    <ClInclude Include="stdafx.h">
      <Filter>Core\pch</Filter>
    </ClInclude>
    <ClInclude Include="Math.h">
      <Filter>Core\Math</Filter>
    </ClInclude>
    <ClInclude Include="Timer.h">
      <Filter>Core\Time</Filter>
    </ClInclude>
    <ClInclude Include="CollisionSolver.h">
      <Filter>Collision</Filter>
    </ClInclude>
    <ClInclude Include="Collider.h">
      <Filter>Collision</Filter>
    </ClInclude>
    <ClInclude Include="Octree.h">
      <Filter>SpaceDivision</Filter>
    </ClInclude>
  </ItemGroup>
  <ItemGroup>
    <ClCompile Include="Demo.cpp" />
    <ClCompile Include="stdafx.cpp">
      <Filter>Core\pch</Filter>
    </ClCompile>
    <ClCompile Include="Math.cpp">
      <Filter>Core\Math</Filter>
    </ClCompile>
    <ClCompile Include="Timer.cpp">
      <Filter>Core\Time</Filter>
    </ClCompile>
    <ClCompile Include="CollisionSolver.cpp">
      <Filter>Collision</Filter>
    </ClCompile>
    <ClCompile Include="Collider.cpp">
      <Filter>Collision</Filter>
    </ClCompile>
    <ClCompile Include="Octree.cpp">
      <Filter>SpaceDivision</Filter>
    </ClCompile>
  </ItemGroup>
  <ItemGroup>
    <Filter Include="Core">
      <UniqueIdentifier>{8840b92c-a3a9-4abd-a3e3-f4fd019466a5}</UniqueIdentifier>
    </Filter>
    <Filter Include="Core\Math">
      <UniqueIdentifier>{08faba90-224b-4e92-ae3b-467607b9076e}</UniqueIdentifier>
    </Filter>
    <Filter Include="Core\Time">
      <UniqueIdentifier>{34c425dd-0275-473d-8b39-81f75df1055b}</UniqueIdentifier>
    </Filter>
    <Filter Include="Collision">
      <UniqueIdentifier>{32f49837-f498-49c2-a6ab-53e8af424943}</UniqueIdentifier>
    </Filter>
    <Filter Include="Core\pch">
      <UniqueIdentifier>{6bbf5bf0-17d2-4a93-9a56-3c8a6744e5bf}</UniqueIdentifier>
    </Filter>
    <Filter Include="SpaceDivision">
      <UniqueIdentifier>{a3381a60-fde6-4cb8-8cce-6c4712435b6c}</UniqueIdentifier>
    </Filter>
  </ItemGroup>
  <ItemGroup>
    <None Include="ClassDiagram.cd" />
  </ItemGroup>
</Project>